
Microsoft Visual Studio Solution File, Format Version 12.00
# Visual Studio Version 16
VisualStudioVersion = 16.0.31702.278
MinimumVisualStudioVersion = 10.0.40219.1
Project("{FAE04EC0-301F-11D3-BF4B-00C04F79EFBC}") = "Employee_018", "Employee_018\Employee_018.csproj", "{A5DC2A4A-CB85-4ABD-A699-FC7723744E3C}"
EndProject
Global
	GlobalSection(SolutionConfigurationPlatforms) = preSolution
		Debug|Any CPU = Debug|Any CPU
		Release|Any CPU = Release|Any CPU
	EndGlobalSection
	GlobalSection(ProjectConfigurationPlatforms) = postSolution
		{A5DC2A4A-CB85-4ABD-A699-FC7723744E3C}.Debug|Any CPU.ActiveCfg = Debug|Any CPU
		{A5DC2A4A-CB85-4ABD-A699-FC7723744E3C}.Debug|Any CPU.Build.0 = Debug|Any CPU
		{A5DC2A4A-CB85-4ABD-A699-FC7723744E3C}.Release|Any CPU.ActiveCfg = Release|Any CPU
		{A5DC2A4A-CB85-4ABD-A699-FC7723744E3C}.Release|Any CPU.Build.0 = Release|Any CPU
	EndGlobalSection
	GlobalSection(SolutionProperties) = preSolution
		HideSolutionNode = FALSE
	EndGlobalSection
	GlobalSection(ExtensibilityGlobals) = postSolution
		SolutionGuid = {EFABA37B-02E4-4AA7-8A04-8868112F6944}
	EndGlobalSection
EndGlobal
